Microsoft Visual Studio Solution File, Format Version 12.00
# Visual Studio Version 17
VisualStudioVersion = 17.13.35913.81
MinimumVisualStudioVersion = 10.0.40219.1
Project("{FAE04EC0-301F-11D3-BF4B-00C04F79EFBC}") = "WebApplication2", "WebApplication2\WebApplication2.csproj", "{7FC7E1EC-D4AA-4C6C-84C8-2AAB5093B20E}"
EndProject
Global
	GlobalSection(SolutionConfigurationPlatforms) = preSolution
		Debug|Any CPU = Debug|Any CPU
		Release|Any CPU = Release|Any CPU
	EndGlobalSection
	GlobalSection(ProjectConfigurationPlatforms) = postSolution
		{7FC7E1EC-D4AA-4C6C-84C8-2AAB5093B20E}.Debug|Any CPU.ActiveCfg = Debug|Any CPU
		{7FC7E1EC-D4AA-4C6C-84C8-2AAB5093B20E}.Debug|Any CPU.Build.0 = Debug|Any CPU
		{7FC7E1EC-D4AA-4C6C-84C8-2AAB5093B20E}.Release|Any CPU.ActiveCfg = Release|Any CPU
		{7FC7E1EC-D4AA-4C6C-84C8-2AAB5093B20E}.Release|Any CPU.Build.0 = Release|Any CPU
	EndGlobalSection
	GlobalSection(SolutionProperties) = preSolution
		HideSolutionNode = FALSE
	EndGlobalSection
	GlobalSection(ExtensibilityGlobals) = postSolution
		SolutionGuid = {25C04643-7AE5-4438-BB7D-100E61FA839B}
	EndGlobalSection
EndGlobal
