Microsoft Visual Studio Solution File, Format Version 12.00
# Visual Studio Version 17
VisualStudioVersion = 17.13.35913.81
MinimumVisualStudioVersion = 10.0.40219.1
Project("{FAE04EC0-301F-11D3-BF4B-00C04F79EFBC}") = "database_connection", "database_connection\database_connection.csproj", "{6C54A36F-3192-479F-9058-A1D00E94CCAA}"
EndProject
Global
	GlobalSection(SolutionConfigurationPlatforms) = preSolution
		Debug|Any CPU = Debug|Any CPU
		Release|Any CPU = Release|Any CPU
	EndGlobalSection
	GlobalSection(ProjectConfigurationPlatforms) = postSolution
		{6C54A36F-3192-479F-9058-A1D00E94CCAA}.Debug|Any CPU.ActiveCfg = Debug|Any CPU
		{6C54A36F-3192-479F-9058-A1D00E94CCAA}.Debug|Any CPU.Build.0 = Debug|Any CPU
		{6C54A36F-3192-479F-9058-A1D00E94CCAA}.Release|Any CPU.ActiveCfg = Release|Any CPU
		{6C54A36F-3192-479F-9058-A1D00E94CCAA}.Release|Any CPU.Build.0 = Release|Any CPU
	EndGlobalSection
	GlobalSection(SolutionProperties) = preSolution
		HideSolutionNode = FALSE
	EndGlobalSection
	GlobalSection(ExtensibilityGlobals) = postSolution
		SolutionGuid = {21D320A9-2FF3-405D-805F-35783A1A52B2}
	EndGlobalSection
EndGlobal
